// !$*UTF8*$!
{
	archiveVersion = 1;
	classes = {
	};
	objectVersion = 50;
	objects = {

/* Begin PBXBuildFile section */
		22ACB66825474C1C00D19DE6 /* iPlateCounterApp.swift in Sources */ = {isa = PBXBuildFile; fileRef = 22ACB66725474C1C00D19DE6 /* iPlateCounterApp.swift */; };
		22ACB66A25474C1C00D19DE6 /* MarkedPlateDocumentView.swift in Sources */ = {isa = PBXBuildFile; fileRef = 22ACB66925474C1C00D19DE6 /* MarkedPlateDocumentView.swift */; };
		22ACB66C25474C1E00D19DE6 /* Assets.xcassets in Resources */ = {isa = PBXBuildFile; fileRef = 22ACB66B25474C1E00D19DE6 /* Assets.xcassets */; };
		22ACB66F25474C1E00D19DE6 /* Preview Assets.xcassets in Resources */ = {isa = PBXBuildFile; fileRef = 22ACB66E25474C1E00D19DE6 /* Preview Assets.xcassets */; };
		22ACB67A25474D6F00D19DE6 /* ImagePicker.swift in Sources */ = {isa = PBXBuildFile; fileRef = 22ACB67925474D6F00D19DE6 /* ImagePicker.swift */; };
		22CDBA1C254881BB00DC50AB /* MarkedPlateDocument.swift in Sources */ = {isa = PBXBuildFile; fileRef = 22CDBA1B254881BB00DC50AB /* MarkedPlateDocument.swift */; };
		22CDBA1F2548A55600DC50AB /* DetectTapLocationView.swift in Sources */ = {isa = PBXBuildFile; fileRef = 22CDBA1E2548A55600DC50AB /* DetectTapLocationView.swift */; };
/* End PBXBuildFile section */

/* Begin PBXFileReference section */
		22ACB66425474C1C00D19DE6 /* iPlateCounter.app */ = {isa = PBXFileReference; explicitFileType = wrapper.application; includeInIndex = 0; path = iPlateCounter.app; sourceTree = BUILT_PRODUCTS_DIR; };
		22ACB66725474C1C00D19DE6 /* iPlateCounterApp.swift */ = {isa = PBXFileReference; lastKnownFileType = sourcecode.swift; path = iPlateCounterApp.swift; sourceTree = "<group>"; };
		22ACB66925474C1C00D19DE6 /* MarkedPlateDocumentView.swift */ = {isa = PBXFileReference; lastKnownFileType = sourcecode.swift; path = MarkedPlateDocumentView.swift; sourceTree = "<group>"; };
		22ACB66B25474C1E00D19DE6 /* Assets.xcassets */ = {isa = PBXFileReference; lastKnownFileType = folder.assetcatalog; path = Assets.xcassets; sourceTree = "<group>"; };
		22ACB66E25474C1E00D19DE6 /* Preview Assets.xcassets */ = {isa = PBXFileReference; lastKnownFileType = folder.assetcatalog; path = "Preview Assets.xcassets"; sourceTree = "<group>"; };
		22ACB67025474C1E00D19DE6 /* Info.plist */ = {isa = PBXFileReference; lastKnownFileType = text.plist.xml; path = Info.plist; sourceTree = "<group>"; };
		22ACB67725474C9800D19DE6 /* README.md */ = {isa = PBXFileReference; lastKnownFileType = net.daringfireball.markdown; path = README.md; sourceTree = "<group>"; };
		22ACB67825474CE600D19DE6 /* LICENSE */ = {isa = PBXFileReference; lastKnownFileType = text; path = LICENSE; sourceTree = "<group>"; };
		22ACB67925474D6F00D19DE6 /* ImagePicker.swift */ = {isa = PBXFileReference; fileEncoding = 4; lastKnownFileType = sourcecode.swift; path = ImagePicker.swift; sourceTree = "<group>"; };
		22CDBA1B254881BB00DC50AB /* MarkedPlateDocument.swift */ = {isa = PBXFileReference; lastKnownFileType = sourcecode.swift; path = MarkedPlateDocument.swift; sourceTree = "<group>"; };
		22CDBA1E2548A55600DC50AB /* DetectTapLocationView.swift */ = {isa = PBXFileReference; lastKnownFileType = sourcecode.swift; path = DetectTapLocationView.swift; sourceTree = "<group>"; };
/* End PBXFileReference section */

/* Begin PBXFrameworksBuildPhase section */
		22ACB66125474C1C00D19DE6 /* Frameworks */ = {
			isa = PBXFrameworksBuildPhase;
			buildActionMask = 2147483647;
			files = (
			);
			runOnlyForDeploymentPostprocessing = 0;
		};
/* End PBXFrameworksBuildPhase section */

/* Begin PBXGroup section */
		22ACB65B25474C1C00D19DE6 = {
			isa = PBXGroup;
			children = (
				22ACB67825474CE600D19DE6 /* LICENSE */,
				22ACB67725474C9800D19DE6 /* README.md */,
				22ACB66625474C1C00D19DE6 /* iPlateCounter */,
				22ACB66525474C1C00D19DE6 /* Products */,
			);
			sourceTree = "<group>";
		};
		22ACB66525474C1C00D19DE6 /* Products */ = {
			isa = PBXGroup;
			children = (
				22ACB66425474C1C00D19DE6 /* iPlateCounter.app */,
			);
			name = Products;
			sourceTree = "<group>";
		};
		22ACB66625474C1C00D19DE6 /* iPlateCounter */ = {
			isa = PBXGroup;
			children = (
				22ACB67925474D6F00D19DE6 /* ImagePicker.swift */,
				22ACB66725474C1C00D19DE6 /* iPlateCounterApp.swift */,
				22ACB66925474C1C00D19DE6 /* MarkedPlateDocumentView.swift */,
				22ACB66B25474C1E00D19DE6 /* Assets.xcassets */,
				22ACB67025474C1E00D19DE6 /* Info.plist */,
				22ACB66D25474C1E00D19DE6 /* Preview Content */,
				22CDBA1B254881BB00DC50AB /* MarkedPlateDocument.swift */,
				22CDBA1E2548A55600DC50AB /* DetectTapLocationView.swift */,
			);
			path = iPlateCounter;
			sourceTree = "<group>";
		};
		22ACB66D25474C1E00D19DE6 /* Preview Content */ = {
			isa = PBXGroup;
			children = (
				22ACB66E25474C1E00D19DE6 /* Preview Assets.xcassets */,
			);
			path = "Preview Content";
			sourceTree = "<group>";
		};
/* End PBXGroup section */

/* Begin PBXNativeTarget section */
		22ACB66325474C1C00D19DE6 /* iPlateCounter */ = {
			isa = PBXNativeTarget;
			buildConfigurationList = 22ACB67325474C1E00D19DE6 /* Build configuration list for PBXNativeTarget "iPlateCounter" */;
			buildPhases = (
				22ACB66025474C1C00D19DE6 /* Sources */,
				22ACB66125474C1C00D19DE6 /* Frameworks */,
				22ACB66225474C1C00D19DE6 /* Resources */,
			);
			buildRules = (
			);
			dependencies = (
			);
			name = iPlateCounter;
			productName = iPlateCounter;
			productReference = 22ACB66425474C1C00D19DE6 /* iPlateCounter.app */;
			productType = "com.apple.product-type.application";
		};
/* End PBXNativeTarget section */

/* Begin PBXProject section */
		22ACB65C25474C1C00D19DE6 /* Project object */ = {
			isa = PBXProject;
			attributes = {
				LastSwiftUpdateCheck = 1210;
				LastUpgradeCheck = 1210;
				TargetAttributes = {
					22ACB66325474C1C00D19DE6 = {
						CreatedOnToolsVersion = 12.1;
					};
				};
			};
			buildConfigurationList = 22ACB65F25474C1C00D19DE6 /* Build configuration list for PBXProject "iPlateCounter" */;
			compatibilityVersion = "Xcode 9.3";
			developmentRegion = en;
			hasScannedForEncodings = 0;
			knownRegions = (
				en,
				Base,
			);
			mainGroup = 22ACB65B25474C1C00D19DE6;
			productRefGroup = 22ACB66525474C1C00D19DE6 /* Products */;
			projectDirPath = "";
			projectRoot = "";
			targets = (
				22ACB66325474C1C00D19DE6 /* iPlateCounter */,
			);
		};
/* End PBXProject section */

/* Begin PBXResourcesBuildPhase section */
		22ACB66225474C1C00D19DE6 /* Resources */ = {
			isa = PBXResourcesBuildPhase;
			buildActionMask = 2147483647;
			files = (
				22ACB66F25474C1E00D19DE6 /* Preview Assets.xcassets in Resources */,
				22ACB66C25474C1E00D19DE6 /* Assets.xcassets in Resources */,
			);
			runOnlyForDeploymentPostprocessing = 0;
		};
/* End PBXResourcesBuildPhase section */

/* Begin PBXSourcesBuildPhase section */
		22ACB66025474C1C00D19DE6 /* Sources */ = {
			isa = PBXSourcesBuildPhase;
			buildActionMask = 2147483647;
			files = (
				22ACB67A25474D6F00D19DE6 /* ImagePicker.swift in Sources */,
				22CDBA1C254881BB00DC50AB /* MarkedPlateDocument.swift in Sources */,
				22ACB66A25474C1C00D19DE6 /* MarkedPlateDocumentView.swift in Sources */,
				22ACB66825474C1C00D19DE6 /* iPlateCounterApp.swift in Sources */,
				22CDBA1F2548A55600DC50AB /* DetectTapLocationView.swift in Sources */,
			);
			runOnlyForDeploymentPostprocessing = 0;
		};
/* End PBXSourcesBuildPhase section */

/* Begin XCBuildConfiguration section */
		22ACB67125474C1E00D19DE6 /* Debug */ = {
			isa = XCBuildConfiguration;
			buildSettings = {
				ALWAYS_SEARCH_USER_PATHS = NO;
				CLANG_ANALYZER_NONNULL = YES;
				CLANG_ANALYZER_NUMBER_OBJECT_CONVERSION = YES_AGGRESSIVE;
				CLANG_CXX_LANGUAGE_STANDARD = "gnu++14";
				CLANG_CXX_LIBRARY = "libc++";
				CLANG_ENABLE_MODULES = YES;
				CLANG_ENABLE_OBJC_ARC = YES;
				CLANG_ENABLE_OBJC_WEAK = YES;
				CLANG_WARN_BLOCK_CAPTURE_AUTORELEASING = YES;
				CLANG_WARN_BOOL_CONVERSION = YES;
				CLANG_WARN_COMMA = YES;
				CLANG_WARN_CONSTANT_CONVERSION = YES;
				CLANG_WARN_DEPRECATED_OBJC_IMPLEMENTATIONS = YES;
				CLANG_WARN_DIRECT_OBJC_ISA_USAGE = YES_ERROR;
				CLANG_WARN_DOCUMENTATION_COMMENTS = YES;
				CLANG_WARN_EMPTY_BODY = YES;
				CLANG_WARN_ENUM_CONVERSION = YES;
				CLANG_WARN_INFINITE_RECURSION = YES;
				CLANG_WARN_INT_CONVERSION = YES;
				CLANG_WARN_NON_LITERAL_NULL_CONVERSION = YES;
				CLANG_WARN_OBJC_IMPLICIT_RETAIN_SELF = YES;
				CLANG_WARN_OBJC_LITERAL_CONVERSION = YES;
				CLANG_WARN_OBJC_ROOT_CLASS = YES_ERROR;
				CLANG_WARN_QUOTED_INCLUDE_IN_FRAMEWORK_HEADER = YES;
				CLANG_WARN_RANGE_LOOP_ANALYSIS = YES;
				CLANG_WARN_STRICT_PROTOTYPES = YES;
				CLANG_WARN_SUSPICIOUS_MOVE = YES;
				CLANG_WARN_UNGUARDED_AVAILABILITY = YES_AGGRESSIVE;
				CLANG_WARN_UNREACHABLE_CODE = YES;
				CLANG_WARN__DUPLICATE_METHOD_MATCH = YES;
				COPY_PHASE_STRIP = NO;
				DEBUG_INFORMATION_FORMAT = dwarf;
				ENABLE_STRICT_OBJC_MSGSEND = YES;
				ENABLE_TESTABILITY = YES;
				GCC_C_LANGUAGE_STANDARD = gnu11;
				GCC_DYNAMIC_NO_PIC = NO;
				GCC_NO_COMMON_BLOCKS = YES;
				GCC_OPTIMIZATION_LEVEL = 0;
				GCC_PREPROCESSOR_DEFINITIONS = (
					"DEBUG=1",
					"$(inherited)",
				);
				GCC_WARN_64_TO_32_BIT_CONVERSION = YES;
				GCC_WARN_ABOUT_RETURN_TYPE = YES_ERROR;
				GCC_WARN_UNDECLARED_SELECTOR = YES;
				GCC_WARN_UNINITIALIZED_AUTOS = YES_AGGRESSIVE;
				GCC_WARN_UNUSED_FUNCTION = YES;
				GCC_WARN_UNUSED_VARIABLE = YES;
				IPHONEOS_DEPLOYMENT_TARGET = 14.1;
				MTL_ENABLE_DEBUG_INFO = INCLUDE_SOURCE;
				MTL_FAST_MATH = YES;
				ONLY_ACTIVE_ARCH = YES;
				SDKROOT = iphoneos;
				SWIFT_ACTIVE_COMPILATION_CONDITIONS = DEBUG;
				SWIFT_OPTIMIZATION_LEVEL = "-Onone";
			};
			name = Debug;
		};
		22ACB67225474C1E00D19DE6 /* Release */ = {
			isa = XCBuildConfiguration;
			buildSettings = {
				ALWAYS_SEARCH_USER_PATHS = NO;
				CLANG_ANALYZER_NONNULL = YES;
				CLANG_ANALYZER_NUMBER_OBJECT_CONVERSION = YES_AGGRESSIVE;
				CLANG_CXX_LANGUAGE_STANDARD = "gnu++14";
				CLANG_CXX_LIBRARY = "libc++";
				CLANG_ENABLE_MODULES = YES;
				CLANG_ENABLE_OBJC_ARC = YES;
				CLANG_ENABLE_OBJC_WEAK = YES;
				CLANG_WARN_BLOCK_CAPTURE_AUTORELEASING = YES;
				CLANG_WARN_BOOL_CONVERSION = YES;
				CLANG_WARN_COMMA = YES;
				CLANG_WARN_CONSTANT_CONVERSION = YES;
				CLANG_WARN_DEPRECATED_OBJC_IMPLEMENTATIONS = YES;
				CLANG_WARN_DIRECT_OBJC_ISA_USAGE = YES_ERROR;
				CLANG_WARN_DOCUMENTATION_COMMENTS = YES;
				CLANG_WARN_EMPTY_BODY = YES;
				CLANG_WARN_ENUM_CONVERSION = YES;
				CLANG_WARN_INFINITE_RECURSION = YES;
				CLANG_WARN_INT_CONVERSION = YES;
				CLANG_WARN_NON_LITERAL_NULL_CONVERSION = YES;
				CLANG_WARN_OBJC_IMPLICIT_RETAIN_SELF = YES;
				CLANG_WARN_OBJC_LITERAL_CONVERSION = YES;
				CLANG_WARN_OBJC_ROOT_CLASS = YES_ERROR;
				CLANG_WARN_QUOTED_INCLUDE_IN_FRAMEWORK_HEADER = YES;
				CLANG_WARN_RANGE_LOOP_ANALYSIS = YES;
				CLANG_WARN_STRICT_PROTOTYPES = YES;
				CLANG_WARN_SUSPICIOUS_MOVE = YES;
				CLANG_WARN_UNGUARDED_AVAILABILITY = YES_AGGRESSIVE;
				CLANG_WARN_UNREACHABLE_CODE = YES;
				CLANG_WARN__DUPLICATE_METHOD_MATCH = YES;
				COPY_PHASE_STRIP = NO;
				DEBUG_INFORMATION_FORMAT = "dwarf-with-dsym";
				ENABLE_NS_ASSERTIONS = NO;
				ENABLE_STRICT_OBJC_MSGSEND = YES;
				GCC_C_LANGUAGE_STANDARD = gnu11;
				GCC_NO_COMMON_BLOCKS = YES;
				GCC_WARN_64_TO_32_BIT_CONVERSION = YES;
				GCC_WARN_ABOUT_RETURN_TYPE = YES_ERROR;
				GCC_WARN_UNDECLARED_SELECTOR = YES;
				GCC_WARN_UNINITIALIZED_AUTOS = YES_AGGRESSIVE;
				GCC_WARN_UNUSED_FUNCTION = YES;
				GCC_WARN_UNUSED_VARIABLE = YES;
				IPHONEOS_DEPLOYMENT_TARGET = 14.1;
				MTL_ENABLE_DEBUG_INFO = NO;
				MTL_FAST_MATH = YES;
				SDKROOT = iphoneos;
				SWIFT_COMPILATION_MODE = wholemodule;
				SWIFT_OPTIMIZATION_LEVEL = "-O";
				VALIDATE_PRODUCT = YES;
			};
			name = Release;
		};
		22ACB67425474C1E00D19DE6 /* Debug */ = {
			isa = XCBuildConfiguration;
			buildSettings = {
				ASSETCATALOG_COMPILER_APPICON_NAME = AppIcon;
				ASSETCATALOG_COMPILER_GLOBAL_ACCENT_COLOR_NAME = AccentColor;
				CODE_SIGN_STYLE = Automatic;
				DEVELOPMENT_ASSET_PATHS = "\"iPlateCounter/Preview Content\"";
				DEVELOPMENT_TEAM = PM8BA6UMNK;
				ENABLE_PREVIEWS = YES;
				INFOPLIST_FILE = iPlateCounter/Info.plist;
				IPHONEOS_DEPLOYMENT_TARGET = 14.0;
				LD_RUNPATH_SEARCH_PATHS = (
					"$(inherited)",
					"@executable_path/Frameworks",
				);
				PRODUCT_BUNDLE_IDENTIFIER = com.github.bondarevts.iPlateCounter;
				PRODUCT_NAME = "$(TARGET_NAME)";
				SWIFT_VERSION = 5.0;
				TARGETED_DEVICE_FAMILY = "1,2";
			};
			name = Debug;
		};
		22ACB67525474C1E00D19DE6 /* Release */ = {
			isa = XCBuildConfiguration;
			buildSettings = {
				ASSETCATALOG_COMPILER_APPICON_NAME = AppIcon;
				ASSETCATALOG_COMPILER_GLOBAL_ACCENT_COLOR_NAME = AccentColor;
				CODE_SIGN_STYLE = Automatic;
				DEVELOPMENT_ASSET_PATHS = "\"iPlateCounter/Preview Content\"";
				DEVELOPMENT_TEAM = PM8BA6UMNK;
				ENABLE_PREVIEWS = YES;
				INFOPLIST_FILE = iPlateCounter/Info.plist;
				IPHONEOS_DEPLOYMENT_TARGET = 14.0;
				LD_RUNPATH_SEARCH_PATHS = (
					"$(inherited)",
					"@executable_path/Frameworks",
				);
				PRODUCT_BUNDLE_IDENTIFIER = com.github.bondarevts.iPlateCounter;
				PRODUCT_NAME = "$(TARGET_NAME)";
				SWIFT_VERSION = 5.0;
				TARGETED_DEVICE_FAMILY = "1,2";
			};
			name = Release;
		};
/* End XCBuildConfiguration section */

/* Begin XCConfigurationList section */
		22ACB65F25474C1C00D19DE6 /* Build configuration list for PBXProject "iPlateCounter" */ = {
			isa = XCConfigurationList;
			buildConfigurations = (
				22ACB67125474C1E00D19DE6 /* Debug */,
				22ACB67225474C1E00D19DE6 /* Release */,
			);
			defaultConfigurationIsVisible = 0;
			defaultConfigurationName = Release;
		};
		22ACB67325474C1E00D19DE6 /* Build configuration list for PBXNativeTarget "iPlateCounter" */ = {
			isa = XCConfigurationList;
			buildConfigurations = (
				22ACB67425474C1E00D19DE6 /* Debug */,
				22ACB67525474C1E00D19DE6 /* Release */,
			);
			defaultConfigurationIsVisible = 0;
			defaultConfigurationName = Release;
		};
/* End XCConfigurationList section */
	};
	rootObject = 22ACB65C25474C1C00D19DE6 /* Project object */;
}
